
Microsoft Visual Studio Solution File, Format Version 12.00
# Visual Studio Version 16
VisualStudioVersion = 16.0.30002.166
MinimumVisualStudioVersion = 10.0.40219.1
Project("{FAE04EC0-301F-11D3-BF4B-00C04F79EFBC}") = "AulaNetCore", "AulaNetCore.csproj", "{C3E85BA4-3B25-48B1-B0A6-AFFB3EA93ACD}"
EndProject
Global
	GlobalSection(SolutionConfigurationPlatforms) = preSolution
		Debug|Any CPU = Debug|Any CPU
		Release|Any CPU = Release|Any CPU
	EndGlobalSection
	GlobalSection(ProjectConfigurationPlatforms) = postSolution
		{C3E85BA4-3B25-48B1-B0A6-AFFB3EA93ACD}.Debug|Any CPU.ActiveCfg = Debug|Any CPU
		{C3E85BA4-3B25-48B1-B0A6-AFFB3EA93ACD}.Debug|Any CPU.Build.0 = Debug|Any CPU
		{C3E85BA4-3B25-48B1-B0A6-AFFB3EA93ACD}.Release|Any CPU.ActiveCfg = Release|Any CPU
		{C3E85BA4-3B25-48B1-B0A6-AFFB3EA93ACD}.Release|Any CPU.Build.0 = Release|Any CPU
	EndGlobalSection
	GlobalSection(SolutionProperties) = preSolution
		HideSolutionNode = FALSE
	EndGlobalSection
	GlobalSection(ExtensibilityGlobals) = postSolution
		SolutionGuid = {4515DFE5-4BC7-4233-977C-3B2D5707D91B}
	EndGlobalSection
EndGlobal
